
Microsoft Visual Studio Solution File, Format Version 12.00
# Visual Studio Version 17
VisualStudioVersion = 17.0.31903.59
MinimumVisualStudioVersion = 10.0.40219.1
Project("{2150E333-8FDC-42A3-9474-1A3956D46DE8}") = "src", "src", "{A8EDAA9F-43A8-4442-9A77-6EF20203D19D}"
EndProject
Project("{FAE04EC0-301F-11D3-BF4B-00C04F79EFBC}") = "Radar.Bridge.Wpf", "src\Radar.Bridge.Wpf\Radar.Bridge.Wpf.csproj", "{8F559D55-769D-4502-A1D5-1B246E649F7B}"
EndProject
Project("{FAE04EC0-301F-11D3-BF4B-00C04F79EFBC}") = "Radar.Configuration", "src\Radar.Configuration\Radar.Configuration.csproj", "{64959ABF-6E78-48B7-A1EA-AE92E2E2F3EA}"
EndProject
Project("{FAE04EC0-301F-11D3-BF4B-00C04F79EFBC}") = "Radar.Contracts", "src\Radar.Contracts\Radar.Contracts.csproj", "{58A1371C-03A1-43E4-B9AE-09D1011F6038}"
EndProject
Project("{FAE04EC0-301F-11D3-BF4B-00C04F79EFBC}") = "Radar.Device", "src\Radar.Device\Radar.Device.csproj", "{7BD500ED-5DB0-4D5E-8B41-56E48352AC55}"
EndProject
Project("{FAE04EC0-301F-11D3-BF4B-00C04F79EFBC}") = "Radar.Ipc", "src\Radar.Ipc\Radar.Ipc.csproj", "{84C5A832-0915-40DF-8286-5B95F92D979F}"
EndProject
Project("{FAE04EC0-301F-11D3-BF4B-00C04F79EFBC}") = "Radar.Processing", "src\Radar.Processing\Radar.Processing.csproj", "{1437F202-B06F-457D-842A-9F22BAECCB88}"
EndProject
Project("{FAE04EC0-301F-11D3-BF4B-00C04F79EFBC}") = "Radar.Protocol", "src\Radar.Protocol\Radar.Protocol.csproj", "{AF258143-2DA9-45D8-9D67-921CDD634091}"
EndProject
Project("{2150E333-8FDC-42A3-9474-1A3956D46DE8}") = "tests", "tests", "{2813E862-D703-4F05-AE57-1C5D62B34A69}"
EndProject
Project("{FAE04EC0-301F-11D3-BF4B-00C04F79EFBC}") = "Radar.Bridge.Wpf.Tests", "tests\Radar.Bridge.Wpf.Tests\Radar.Bridge.Wpf.Tests.csproj", "{CECC23B0-2C0A-4288-9CCE-DF06293DD8C1}"
EndProject
Project("{FAE04EC0-301F-11D3-BF4B-00C04F79EFBC}") = "Radar.Configuration.Tests", "tests\Radar.Configuration.Tests\Radar.Configuration.Tests.csproj", "{ABDC7EC7-2C01-4D5B-94CF-8C30A5A2D2AA}"
EndProject
Project("{FAE04EC0-301F-11D3-BF4B-00C04F79EFBC}") = "Radar.Device.Tests", "tests\Radar.Device.Tests\Radar.Device.Tests.csproj", "{5B3E7796-3C8A-44DF-A4B4-28548C5FC2BF}"
EndProject
Project("{FAE04EC0-301F-11D3-BF4B-00C04F79EFBC}") = "Radar.EndToEnd.Tests", "tests\Radar.EndToEnd.Tests\Radar.EndToEnd.Tests.csproj", "{7DC2054C-D65A-473C-A39C-83AB91FD04CF}"
EndProject
Project("{FAE04EC0-301F-11D3-BF4B-00C04F79EFBC}") = "Radar.Ipc.Tests", "tests\Radar.Ipc.Tests\Radar.Ipc.Tests.csproj", "{94C5A8A7-556C-40E2-8FAF-D94088857731}"
EndProject
Project("{FAE04EC0-301F-11D3-BF4B-00C04F79EFBC}") = "Radar.Processing.Tests", "tests\Radar.Processing.Tests\Radar.Processing.Tests.csproj", "{2B85DD93-02F4-4FB2-A9E1-4F245BF16998}"
EndProject
Project("{FAE04EC0-301F-11D3-BF4B-00C04F79EFBC}") = "Radar.Protocol.Tests", "tests\Radar.Protocol.Tests\Radar.Protocol.Tests.csproj", "{A9305D9C-2E91-435F-8E03-7F36C0D7F49C}"
EndProject
Project("{FAE04EC0-301F-11D3-BF4B-00C04F79EFBC}") = "Radar.Unity.Compatibility.Tests", "tests\Radar.Unity.Compatibility.Tests\Radar.Unity.Compatibility.Tests.csproj", "{78802D56-C89D-497F-9A79-59C3E3F65623}"
EndProject
Project("{FAE04EC0-301F-11D3-BF4B-00C04F79EFBC}") = "Blaze.Interaction.Contracts", "src\Blaze.Interaction.Contracts\Blaze.Interaction.Contracts.csproj", "{7F09EE50-A1AF-49E0-A277-46D8F1D520C7}"
EndProject
Project("{FAE04EC0-301F-11D3-BF4B-00C04F79EFBC}") = "Blaze.Interaction.Contracts.Tests", "tests\Blaze.Interaction.Contracts.Tests\Blaze.Interaction.Contracts.Tests.csproj", "{2D5ACF69-0608-481E-8496-3543B4508515}"
EndProject
Project("{FAE04EC0-301F-11D3-BF4B-00C04F79EFBC}") = "Blaze.Interaction.Provider.Abstractions", "src\Blaze.Interaction.Provider.Abstractions\Blaze.Interaction.Provider.Abstractions.csproj", "{D7448C5E-8FB2-4EC3-A435-1BE0BF13AF35}"
EndProject
Project("{FAE04EC0-301F-11D3-BF4B-00C04F79EFBC}") = "Blaze.Interaction.Runtime", "src\Blaze.Interaction.Runtime\Blaze.Interaction.Runtime.csproj", "{21B5C0F6-4F7D-4A92-A1AC-115DA56CF4C6}"
EndProject
Project("{FAE04EC0-301F-11D3-BF4B-00C04F79EFBC}") = "Blaze.Interaction.Runtime.Tests", "tests\Blaze.Interaction.Runtime.Tests\Blaze.Interaction.Runtime.Tests.csproj", "{154BED80-0F43-4816-BD8A-95B44B75527C}"
EndProject
Project("{2150E333-8FDC-42A3-9474-1A3956D46DE8}") = "TestProviders", "TestProviders", "{40E3CFC5-B53D-4D2C-AF5A-66AAFAE0F32C}"
EndProject
Project("{FAE04EC0-301F-11D3-BF4B-00C04F79EFBC}") = "ValidProvider", "tests\TestProviders\ValidProvider\ValidProvider.csproj", "{3BEED35C-9ACD-4240-A421-E4BCAD03D797}"
EndProject
Project("{FAE04EC0-301F-11D3-BF4B-00C04F79EFBC}") = "ThrowingProvider", "tests\TestProviders\ThrowingProvider\ThrowingProvider.csproj", "{8D7DF0D2-A2B1-42DD-96B0-F849B0A1BA06}"
EndProject
Project("{FAE04EC0-301F-11D3-BF4B-00C04F79EFBC}") = "DependencyV1", "tests\TestProviders\DependencyV1\DependencyV1.csproj", "{0FE6DAEF-27EC-4DCB-98C1-B9D99616B667}"
EndProject
Project("{FAE04EC0-301F-11D3-BF4B-00C04F79EFBC}") = "DependencyV2", "tests\TestProviders\DependencyV2\DependencyV2.csproj", "{C3653666-D80A-419F-8A15-59C110BF8224}"
EndProject
Project("{FAE04EC0-301F-11D3-BF4B-00C04F79EFBC}") = "DependencyProviderV1", "tests\TestProviders\DependencyProviderV1\DependencyProviderV1.csproj", "{55BD2027-2966-4614-9D36-FB195B2B7BA2}"
EndProject
Project("{FAE04EC0-301F-11D3-BF4B-00C04F79EFBC}") = "DependencyProviderV2", "tests\TestProviders\DependencyProviderV2\DependencyProviderV2.csproj", "{1FEE518A-B741-483D-8FFE-4B1BD1B800CE}"
EndProject
Global
	GlobalSection(SolutionConfigurationPlatforms) = preSolution
		Debug|Any CPU = Debug|Any CPU
		Release|Any CPU = Release|Any CPU
	EndGlobalSection
	GlobalSection(SolutionProperties) = preSolution
		HideSolutionNode = FALSE
	EndGlobalSection
	GlobalSection(ProjectConfigurationPlatforms) = postSolution
		{8F559D55-769D-4502-A1D5-1B246E649F7B}.Debug|Any CPU.ActiveCfg = Debug|Any CPU
		{8F559D55-769D-4502-A1D5-1B246E649F7B}.Debug|Any CPU.Build.0 = Debug|Any CPU
		{8F559D55-769D-4502-A1D5-1B246E649F7B}.Release|Any CPU.ActiveCfg = Release|Any CPU
		{8F559D55-769D-4502-A1D5-1B246E649F7B}.Release|Any CPU.Build.0 = Release|Any CPU
		{64959ABF-6E78-48B7-A1EA-AE92E2E2F3EA}.Debug|Any CPU.ActiveCfg = Debug|Any CPU
		{64959ABF-6E78-48B7-A1EA-AE92E2E2F3EA}.Debug|Any CPU.Build.0 = Debug|Any CPU
		{64959ABF-6E78-48B7-A1EA-AE92E2E2F3EA}.Release|Any CPU.ActiveCfg = Release|Any CPU
		{64959ABF-6E78-48B7-A1EA-AE92E2E2F3EA}.Release|Any CPU.Build.0 = Release|Any CPU
		{58A1371C-03A1-43E4-B9AE-09D1011F6038}.Debug|Any CPU.ActiveCfg = Debug|Any CPU
		{58A1371C-03A1-43E4-B9AE-09D1011F6038}.Debug|Any CPU.Build.0 = Debug|Any CPU
		{58A1371C-03A1-43E4-B9AE-09D1011F6038}.Release|Any CPU.ActiveCfg = Release|Any CPU
		{58A1371C-03A1-43E4-B9AE-09D1011F6038}.Release|Any CPU.Build.0 = Release|Any CPU
		{7BD500ED-5DB0-4D5E-8B41-56E48352AC55}.Debug|Any CPU.ActiveCfg = Debug|Any CPU
		{7BD500ED-5DB0-4D5E-8B41-56E48352AC55}.Debug|Any CPU.Build.0 = Debug|Any CPU
		{7BD500ED-5DB0-4D5E-8B41-56E48352AC55}.Release|Any CPU.ActiveCfg = Release|Any CPU
		{7BD500ED-5DB0-4D5E-8B41-56E48352AC55}.Release|Any CPU.Build.0 = Release|Any CPU
		{84C5A832-0915-40DF-8286-5B95F92D979F}.Debug|Any CPU.ActiveCfg = Debug|Any CPU
		{84C5A832-0915-40DF-8286-5B95F92D979F}.Debug|Any CPU.Build.0 = Debug|Any CPU
		{84C5A832-0915-40DF-8286-5B95F92D979F}.Release|Any CPU.ActiveCfg = Release|Any CPU
		{84C5A832-0915-40DF-8286-5B95F92D979F}.Release|Any CPU.Build.0 = Release|Any CPU
		{1437F202-B06F-457D-842A-9F22BAECCB88}.Debug|Any CPU.ActiveCfg = Debug|Any CPU
		{1437F202-B06F-457D-842A-9F22BAECCB88}.Debug|Any CPU.Build.0 = Debug|Any CPU
		{1437F202-B06F-457D-842A-9F22BAECCB88}.Release|Any CPU.ActiveCfg = Release|Any CPU
		{1437F202-B06F-457D-842A-9F22BAECCB88}.Release|Any CPU.Build.0 = Release|Any CPU
		{AF258143-2DA9-45D8-9D67-921CDD634091}.Debug|Any CPU.ActiveCfg = Debug|Any CPU
		{AF258143-2DA9-45D8-9D67-921CDD634091}.Debug|Any CPU.Build.0 = Debug|Any CPU
		{AF258143-2DA9-45D8-9D67-921CDD634091}.Release|Any CPU.ActiveCfg = Release|Any CPU
		{AF258143-2DA9-45D8-9D67-921CDD634091}.Release|Any CPU.Build.0 = Release|Any CPU
		{CECC23B0-2C0A-4288-9CCE-DF06293DD8C1}.Debug|Any CPU.ActiveCfg = Debug|Any CPU
		{CECC23B0-2C0A-4288-9CCE-DF06293DD8C1}.Debug|Any CPU.Build.0 = Debug|Any CPU
		{CECC23B0-2C0A-4288-9CCE-DF06293DD8C1}.Release|Any CPU.ActiveCfg = Release|Any CPU
		{CECC23B0-2C0A-4288-9CCE-DF06293DD8C1}.Release|Any CPU.Build.0 = Release|Any CPU
		{ABDC7EC7-2C01-4D5B-94CF-8C30A5A2D2AA}.Debug|Any CPU.ActiveCfg = Debug|Any CPU
		{ABDC7EC7-2C01-4D5B-94CF-8C30A5A2D2AA}.Debug|Any CPU.Build.0 = Debug|Any CPU
		{ABDC7EC7-2C01-4D5B-94CF-8C30A5A2D2AA}.Release|Any CPU.ActiveCfg = Release|Any CPU
		{ABDC7EC7-2C01-4D5B-94CF-8C30A5A2D2AA}.Release|Any CPU.Build.0 = Release|Any CPU
		{5B3E7796-3C8A-44DF-A4B4-28548C5FC2BF}.Debug|Any CPU.ActiveCfg = Debug|Any CPU
		{5B3E7796-3C8A-44DF-A4B4-28548C5FC2BF}.Debug|Any CPU.Build.0 = Debug|Any CPU
		{5B3E7796-3C8A-44DF-A4B4-28548C5FC2BF}.Release|Any CPU.ActiveCfg = Release|Any CPU
		{5B3E7796-3C8A-44DF-A4B4-28548C5FC2BF}.Release|Any CPU.Build.0 = Release|Any CPU
		{7DC2054C-D65A-473C-A39C-83AB91FD04CF}.Debug|Any CPU.ActiveCfg = Debug|Any CPU
		{7DC2054C-D65A-473C-A39C-83AB91FD04CF}.Debug|Any CPU.Build.0 = Debug|Any CPU
		{7DC2054C-D65A-473C-A39C-83AB91FD04CF}.Release|Any CPU.ActiveCfg = Release|Any CPU
		{7DC2054C-D65A-473C-A39C-83AB91FD04CF}.Release|Any CPU.Build.0 = Release|Any CPU
		{94C5A8A7-556C-40E2-8FAF-D94088857731}.Debug|Any CPU.ActiveCfg = Debug|Any CPU
		{94C5A8A7-556C-40E2-8FAF-D94088857731}.Debug|Any CPU.Build.0 = Debug|Any CPU
		{94C5A8A7-556C-40E2-8FAF-D94088857731}.Release|Any CPU.ActiveCfg = Release|Any CPU
		{94C5A8A7-556C-40E2-8FAF-D94088857731}.Release|Any CPU.Build.0 = Release|Any CPU
		{2B85DD93-02F4-4FB2-A9E1-4F245BF16998}.Debug|Any CPU.ActiveCfg = Debug|Any CPU
		{2B85DD93-02F4-4FB2-A9E1-4F245BF16998}.Debug|Any CPU.Build.0 = Debug|Any CPU
		{2B85DD93-02F4-4FB2-A9E1-4F245BF16998}.Release|Any CPU.ActiveCfg = Release|Any CPU
		{2B85DD93-02F4-4FB2-A9E1-4F245BF16998}.Release|Any CPU.Build.0 = Release|Any CPU
		{A9305D9C-2E91-435F-8E03-7F36C0D7F49C}.Debug|Any CPU.ActiveCfg = Debug|Any CPU
		{A9305D9C-2E91-435F-8E03-7F36C0D7F49C}.Debug|Any CPU.Build.0 = Debug|Any CPU
		{A9305D9C-2E91-435F-8E03-7F36C0D7F49C}.Release|Any CPU.ActiveCfg = Release|Any CPU
		{A9305D9C-2E91-435F-8E03-7F36C0D7F49C}.Release|Any CPU.Build.0 = Release|Any CPU
		{78802D56-C89D-497F-9A79-59C3E3F65623}.Debug|Any CPU.ActiveCfg = Debug|Any CPU
		{78802D56-C89D-497F-9A79-59C3E3F65623}.Debug|Any CPU.Build.0 = Debug|Any CPU
		{78802D56-C89D-497F-9A79-59C3E3F65623}.Release|Any CPU.ActiveCfg = Release|Any CPU
		{78802D56-C89D-497F-9A79-59C3E3F65623}.Release|Any CPU.Build.0 = Release|Any CPU
		{7F09EE50-A1AF-49E0-A277-46D8F1D520C7}.Debug|Any CPU.ActiveCfg = Debug|Any CPU
		{7F09EE50-A1AF-49E0-A277-46D8F1D520C7}.Debug|Any CPU.Build.0 = Debug|Any CPU
		{7F09EE50-A1AF-49E0-A277-46D8F1D520C7}.Release|Any CPU.ActiveCfg = Release|Any CPU
		{7F09EE50-A1AF-49E0-A277-46D8F1D520C7}.Release|Any CPU.Build.0 = Release|Any CPU
		{2D5ACF69-0608-481E-8496-3543B4508515}.Debug|Any CPU.ActiveCfg = Debug|Any CPU
		{2D5ACF69-0608-481E-8496-3543B4508515}.Debug|Any CPU.Build.0 = Debug|Any CPU
		{2D5ACF69-0608-481E-8496-3543B4508515}.Release|Any CPU.ActiveCfg = Release|Any CPU
		{2D5ACF69-0608-481E-8496-3543B4508515}.Release|Any CPU.Build.0 = Release|Any CPU
		{D7448C5E-8FB2-4EC3-A435-1BE0BF13AF35}.Debug|Any CPU.ActiveCfg = Debug|Any CPU
		{D7448C5E-8FB2-4EC3-A435-1BE0BF13AF35}.Debug|Any CPU.Build.0 = Debug|Any CPU
		{D7448C5E-8FB2-4EC3-A435-1BE0BF13AF35}.Release|Any CPU.ActiveCfg = Release|Any CPU
		{D7448C5E-8FB2-4EC3-A435-1BE0BF13AF35}.Release|Any CPU.Build.0 = Release|Any CPU
		{21B5C0F6-4F7D-4A92-A1AC-115DA56CF4C6}.Debug|Any CPU.ActiveCfg = Debug|Any CPU
		{21B5C0F6-4F7D-4A92-A1AC-115DA56CF4C6}.Debug|Any CPU.Build.0 = Debug|Any CPU
		{21B5C0F6-4F7D-4A92-A1AC-115DA56CF4C6}.Release|Any CPU.ActiveCfg = Release|Any CPU
		{21B5C0F6-4F7D-4A92-A1AC-115DA56CF4C6}.Release|Any CPU.Build.0 = Release|Any CPU
		{154BED80-0F43-4816-BD8A-95B44B75527C}.Debug|Any CPU.ActiveCfg = Debug|Any CPU
		{154BED80-0F43-4816-BD8A-95B44B75527C}.Debug|Any CPU.Build.0 = Debug|Any CPU
		{154BED80-0F43-4816-BD8A-95B44B75527C}.Release|Any CPU.ActiveCfg = Release|Any CPU
		{154BED80-0F43-4816-BD8A-95B44B75527C}.Release|Any CPU.Build.0 = Release|Any CPU
		{3BEED35C-9ACD-4240-A421-E4BCAD03D797}.Debug|Any CPU.ActiveCfg = Debug|Any CPU
		{3BEED35C-9ACD-4240-A421-E4BCAD03D797}.Debug|Any CPU.Build.0 = Debug|Any CPU
		{3BEED35C-9ACD-4240-A421-E4BCAD03D797}.Release|Any CPU.ActiveCfg = Release|Any CPU
		{3BEED35C-9ACD-4240-A421-E4BCAD03D797}.Release|Any CPU.Build.0 = Release|Any CPU
		{8D7DF0D2-A2B1-42DD-96B0-F849B0A1BA06}.Debug|Any CPU.ActiveCfg = Debug|Any CPU
		{8D7DF0D2-A2B1-42DD-96B0-F849B0A1BA06}.Debug|Any CPU.Build.0 = Debug|Any CPU
		{8D7DF0D2-A2B1-42DD-96B0-F849B0A1BA06}.Release|Any CPU.ActiveCfg = Release|Any CPU
		{8D7DF0D2-A2B1-42DD-96B0-F849B0A1BA06}.Release|Any CPU.Build.0 = Release|Any CPU
		{0FE6DAEF-27EC-4DCB-98C1-B9D99616B667}.Debug|Any CPU.ActiveCfg = Debug|Any CPU
		{0FE6DAEF-27EC-4DCB-98C1-B9D99616B667}.Debug|Any CPU.Build.0 = Debug|Any CPU
		{0FE6DAEF-27EC-4DCB-98C1-B9D99616B667}.Release|Any CPU.ActiveCfg = Release|Any CPU
		{0FE6DAEF-27EC-4DCB-98C1-B9D99616B667}.Release|Any CPU.Build.0 = Release|Any CPU
		{C3653666-D80A-419F-8A15-59C110BF8224}.Debug|Any CPU.ActiveCfg = Debug|Any CPU
		{C3653666-D80A-419F-8A15-59C110BF8224}.Debug|Any CPU.Build.0 = Debug|Any CPU
		{C3653666-D80A-419F-8A15-59C110BF8224}.Release|Any CPU.ActiveCfg = Release|Any CPU
		{C3653666-D80A-419F-8A15-59C110BF8224}.Release|Any CPU.Build.0 = Release|Any CPU
		{55BD2027-2966-4614-9D36-FB195B2B7BA2}.Debug|Any CPU.ActiveCfg = Debug|Any CPU
		{55BD2027-2966-4614-9D36-FB195B2B7BA2}.Debug|Any CPU.Build.0 = Debug|Any CPU
		{55BD2027-2966-4614-9D36-FB195B2B7BA2}.Release|Any CPU.ActiveCfg = Release|Any CPU
		{55BD2027-2966-4614-9D36-FB195B2B7BA2}.Release|Any CPU.Build.0 = Release|Any CPU
		{1FEE518A-B741-483D-8FFE-4B1BD1B800CE}.Debug|Any CPU.ActiveCfg = Debug|Any CPU
		{1FEE518A-B741-483D-8FFE-4B1BD1B800CE}.Debug|Any CPU.Build.0 = Debug|Any CPU
		{1FEE518A-B741-483D-8FFE-4B1BD1B800CE}.Release|Any CPU.ActiveCfg = Release|Any CPU
		{1FEE518A-B741-483D-8FFE-4B1BD1B800CE}.Release|Any CPU.Build.0 = Release|Any CPU
	EndGlobalSection
	GlobalSection(NestedProjects) = preSolution
		{8F559D55-769D-4502-A1D5-1B246E649F7B} = {A8EDAA9F-43A8-4442-9A77-6EF20203D19D}
		{64959ABF-6E78-48B7-A1EA-AE92E2E2F3EA} = {A8EDAA9F-43A8-4442-9A77-6EF20203D19D}
		{58A1371C-03A1-43E4-B9AE-09D1011F6038} = {A8EDAA9F-43A8-4442-9A77-6EF20203D19D}
		{7BD500ED-5DB0-4D5E-8B41-56E48352AC55} = {A8EDAA9F-43A8-4442-9A77-6EF20203D19D}
		{84C5A832-0915-40DF-8286-5B95F92D979F} = {A8EDAA9F-43A8-4442-9A77-6EF20203D19D}
		{1437F202-B06F-457D-842A-9F22BAECCB88} = {A8EDAA9F-43A8-4442-9A77-6EF20203D19D}
		{AF258143-2DA9-45D8-9D67-921CDD634091} = {A8EDAA9F-43A8-4442-9A77-6EF20203D19D}
		{CECC23B0-2C0A-4288-9CCE-DF06293DD8C1} = {2813E862-D703-4F05-AE57-1C5D62B34A69}
		{ABDC7EC7-2C01-4D5B-94CF-8C30A5A2D2AA} = {2813E862-D703-4F05-AE57-1C5D62B34A69}
		{5B3E7796-3C8A-44DF-A4B4-28548C5FC2BF} = {2813E862-D703-4F05-AE57-1C5D62B34A69}
		{7DC2054C-D65A-473C-A39C-83AB91FD04CF} = {2813E862-D703-4F05-AE57-1C5D62B34A69}
		{94C5A8A7-556C-40E2-8FAF-D94088857731} = {2813E862-D703-4F05-AE57-1C5D62B34A69}
		{2B85DD93-02F4-4FB2-A9E1-4F245BF16998} = {2813E862-D703-4F05-AE57-1C5D62B34A69}
		{A9305D9C-2E91-435F-8E03-7F36C0D7F49C} = {2813E862-D703-4F05-AE57-1C5D62B34A69}
		{78802D56-C89D-497F-9A79-59C3E3F65623} = {2813E862-D703-4F05-AE57-1C5D62B34A69}
		{7F09EE50-A1AF-49E0-A277-46D8F1D520C7} = {A8EDAA9F-43A8-4442-9A77-6EF20203D19D}
		{2D5ACF69-0608-481E-8496-3543B4508515} = {2813E862-D703-4F05-AE57-1C5D62B34A69}
		{D7448C5E-8FB2-4EC3-A435-1BE0BF13AF35} = {A8EDAA9F-43A8-4442-9A77-6EF20203D19D}
		{21B5C0F6-4F7D-4A92-A1AC-115DA56CF4C6} = {A8EDAA9F-43A8-4442-9A77-6EF20203D19D}
		{154BED80-0F43-4816-BD8A-95B44B75527C} = {2813E862-D703-4F05-AE57-1C5D62B34A69}
		{40E3CFC5-B53D-4D2C-AF5A-66AAFAE0F32C} = {2813E862-D703-4F05-AE57-1C5D62B34A69}
		{3BEED35C-9ACD-4240-A421-E4BCAD03D797} = {40E3CFC5-B53D-4D2C-AF5A-66AAFAE0F32C}
		{8D7DF0D2-A2B1-42DD-96B0-F849B0A1BA06} = {40E3CFC5-B53D-4D2C-AF5A-66AAFAE0F32C}
		{0FE6DAEF-27EC-4DCB-98C1-B9D99616B667} = {40E3CFC5-B53D-4D2C-AF5A-66AAFAE0F32C}
		{C3653666-D80A-419F-8A15-59C110BF8224} = {40E3CFC5-B53D-4D2C-AF5A-66AAFAE0F32C}
		{55BD2027-2966-4614-9D36-FB195B2B7BA2} = {40E3CFC5-B53D-4D2C-AF5A-66AAFAE0F32C}
		{1FEE518A-B741-483D-8FFE-4B1BD1B800CE} = {40E3CFC5-B53D-4D2C-AF5A-66AAFAE0F32C}
	EndGlobalSection
EndGlobal
